
Microsoft Visual Studio Solution File, Format Version 12.00
# Visual Studio Version 16
VisualStudioVersion = 16.0.29230.47
MinimumVisualStudioVersion = 10.0.40219.1
Project("{9A19103F-16F7-4668-BE54-9A1E7A4F7556}") = "GreatNews", "GreatNews\GreatNews.csproj", "{A76C0DD0-D1C6-42E5-82C7-CB013E8E591F}"
EndProject
Project("{FAE04EC0-301F-11D3-BF4B-00C04F79EFBC}") = "CORE_", "CORE_\CORE_.csproj", "{97CD86E2-76A6-4115-A268-34311AC16655}"
EndProject
Project("{FAE04EC0-301F-11D3-BF4B-00C04F79EFBC}") = "GreatNews.Repository", "GreatNews.Repository\GreatNews.Repository.csproj", "{208F5CD7-900B-415E-896B-0E85D7E89DA6}"
EndProject
Project("{FAE04EC0-301F-11D3-BF4B-00C04F79EFBC}") = "GreatNews.Data", "GreatNews.Data\GreatNews.Data.csproj", "{CC8AF42B-C6FF-4A29-8FED-47A8F1C38DCD}"
EndProject
Project("{FAE04EC0-301F-11D3-BF4B-00C04F79EFBC}") = "GreatNews.Services", "GreatNews.Services\GreatNews.Services.csproj", "{F503BF15-E7A5-46F6-900D-2848AB0423DC}"
EndProject
Global
	GlobalSection(SolutionConfigurationPlatforms) = preSolution
		Debug|Any CPU = Debug|Any CPU
		Release|Any CPU = Release|Any CPU
	EndGlobalSection
	GlobalSection(ProjectConfigurationPlatforms) = postSolution
		{A76C0DD0-D1C6-42E5-82C7-CB013E8E591F}.Debug|Any CPU.ActiveCfg = Debug|Any CPU
		{A76C0DD0-D1C6-42E5-82C7-CB013E8E591F}.Debug|Any CPU.Build.0 = Debug|Any CPU
		{A76C0DD0-D1C6-42E5-82C7-CB013E8E591F}.Release|Any CPU.ActiveCfg = Release|Any CPU
		{A76C0DD0-D1C6-42E5-82C7-CB013E8E591F}.Release|Any CPU.Build.0 = Release|Any CPU
		{97CD86E2-76A6-4115-A268-34311AC16655}.Debug|Any CPU.ActiveCfg = Debug|Any CPU
		{97CD86E2-76A6-4115-A268-34311AC16655}.Debug|Any CPU.Build.0 = Debug|Any CPU
		{97CD86E2-76A6-4115-A268-34311AC16655}.Release|Any CPU.ActiveCfg = Release|Any CPU
		{97CD86E2-76A6-4115-A268-34311AC16655}.Release|Any CPU.Build.0 = Release|Any CPU
		{208F5CD7-900B-415E-896B-0E85D7E89DA6}.Debug|Any CPU.ActiveCfg = Debug|Any CPU
		{208F5CD7-900B-415E-896B-0E85D7E89DA6}.Debug|Any CPU.Build.0 = Debug|Any CPU
		{208F5CD7-900B-415E-896B-0E85D7E89DA6}.Release|Any CPU.ActiveCfg = Release|Any CPU
		{208F5CD7-900B-415E-896B-0E85D7E89DA6}.Release|Any CPU.Build.0 = Release|Any CPU
		{CC8AF42B-C6FF-4A29-8FED-47A8F1C38DCD}.Debug|Any CPU.ActiveCfg = Debug|Any CPU
		{CC8AF42B-C6FF-4A29-8FED-47A8F1C38DCD}.Debug|Any CPU.Build.0 = Debug|Any CPU
		{CC8AF42B-C6FF-4A29-8FED-47A8F1C38DCD}.Release|Any CPU.ActiveCfg = Release|Any CPU
		{CC8AF42B-C6FF-4A29-8FED-47A8F1C38DCD}.Release|Any CPU.Build.0 = Release|Any CPU
		{F503BF15-E7A5-46F6-900D-2848AB0423DC}.Debug|Any CPU.ActiveCfg = Debug|Any CPU
		{F503BF15-E7A5-46F6-900D-2848AB0423DC}.Debug|Any CPU.Build.0 = Debug|Any CPU
		{F503BF15-E7A5-46F6-900D-2848AB0423DC}.Release|Any CPU.ActiveCfg = Release|Any CPU
		{F503BF15-E7A5-46F6-900D-2848AB0423DC}.Release|Any CPU.Build.0 = Release|Any CPU
	EndGlobalSection
	GlobalSection(SolutionProperties) = preSolution
		HideSolutionNode = FALSE
	EndGlobalSection
	GlobalSection(ExtensibilityGlobals) = postSolution
		SolutionGuid = {BBE4DDFB-8844-4E47-8DF8-F5D685DAD64F}
	EndGlobalSection
EndGlobal
